
Microsoft Visual Studio Solution File, Format Version 12.00
# Visual Studio Version 17
VisualStudioVersion = 17.3.32819.101
MinimumVisualStudioVersion = 10.0.40219.1
Project("{FAE04EC0-301F-11D3-BF4B-00C04F79EFBC}") = "GlobeChatter", "GlobeChatter\GlobeChatter.csproj", "{BE201053-E8A1-4100-901F-A34DB1C851A7}"
EndProject
Global
	GlobalSection(SolutionConfigurationPlatforms) = preSolution
		Debug|Any CPU = Debug|Any CPU
		Release|Any CPU = Release|Any CPU
	EndGlobalSection
	GlobalSection(ProjectConfigurationPlatforms) = postSolution
		{BE201053-E8A1-4100-901F-A34DB1C851A7}.Debug|Any CPU.ActiveCfg = Debug|Any CPU
		{BE201053-E8A1-4100-901F-A34DB1C851A7}.Debug|Any CPU.Build.0 = Debug|Any CPU
		{BE201053-E8A1-4100-901F-A34DB1C851A7}.Release|Any CPU.ActiveCfg = Release|Any CPU
		{BE201053-E8A1-4100-901F-A34DB1C851A7}.Release|Any CPU.Build.0 = Release|Any CPU
	EndGlobalSection
	GlobalSection(SolutionProperties) = preSolution
		HideSolutionNode = FALSE
	EndGlobalSection
	GlobalSection(ExtensibilityGlobals) = postSolution
		SolutionGuid = {1CD68AA2-6872-4C22-806D-8AECAB3DB75E}
	EndGlobalSection
EndGlobal
